
Microsoft Visual Studio Solution File, Format Version 12.00
# Visual Studio Version 16
VisualStudioVersion = 16.0.30011.22
MinimumVisualStudioVersion = 10.0.40219.1
Project("{FAE04EC0-301F-11D3-BF4B-00C04F79EFBC}") = "Covid19TR.Android", "Covid19TR\Covid19TR.Android\Covid19TR.Android.csproj", "{4FE313D4-42EA-4EED-AB89-5C9C70DDDB88}"
EndProject
Project("{FAE04EC0-301F-11D3-BF4B-00C04F79EFBC}") = "Covid19TR.iOS", "Covid19TR\Covid19TR.iOS\Covid19TR.iOS.csproj", "{31A53420-9BF7-40BF-A37B-F601B71169CD}"
EndProject
Project("{FAE04EC0-301F-11D3-BF4B-00C04F79EFBC}") = "Covid19TR", "Covid19TR\Covid19TR\Covid19TR.csproj", "{22F75A59-8F83-40C1-8533-E43A7722475A}"
EndProject
Global
	GlobalSection(SolutionConfigurationPlatforms) = preSolution
		Debug|Any CPU = Debug|Any CPU
		Debug|iPhone = Debug|iPhone
		Debug|iPhoneSimulator = Debug|iPhoneSimulator
		Release|Any CPU = Release|Any CPU
		Release|iPhone = Release|iPhone
		Release|iPhoneSimulator = Release|iPhoneSimulator
	EndGlobalSection
	GlobalSection(ProjectConfigurationPlatforms) = postSolution
		{4FE313D4-42EA-4EED-AB89-5C9C70DDDB88}.Debug|Any CPU.ActiveCfg = Debug|Any CPU
		{4FE313D4-42EA-4EED-AB89-5C9C70DDDB88}.Debug|Any CPU.Build.0 = Debug|Any CPU
		{4FE313D4-42EA-4EED-AB89-5C9C70DDDB88}.Debug|Any CPU.Deploy.0 = Debug|Any CPU
		{4FE313D4-42EA-4EED-AB89-5C9C70DDDB88}.Debug|iPhone.ActiveCfg = Debug|Any CPU
		{4FE313D4-42EA-4EED-AB89-5C9C70DDDB88}.Debug|iPhone.Build.0 = Debug|Any CPU
		{4FE313D4-42EA-4EED-AB89-5C9C70DDDB88}.Debug|iPhone.Deploy.0 = Debug|Any CPU
		{4FE313D4-42EA-4EED-AB89-5C9C70DDDB88}.Debug|iPhoneSimulator.ActiveCfg = Debug|Any CPU
		{4FE313D4-42EA-4EED-AB89-5C9C70DDDB88}.Debug|iPhoneSimulator.Build.0 = Debug|Any CPU
		{4FE313D4-42EA-4EED-AB89-5C9C70DDDB88}.Debug|iPhoneSimulator.Deploy.0 = Debug|Any CPU
		{4FE313D4-42EA-4EED-AB89-5C9C70DDDB88}.Release|Any CPU.ActiveCfg = Release|Any CPU
		{4FE313D4-42EA-4EED-AB89-5C9C70DDDB88}.Release|Any CPU.Build.0 = Release|Any CPU
		{4FE313D4-42EA-4EED-AB89-5C9C70DDDB88}.Release|Any CPU.Deploy.0 = Release|Any CPU
		{4FE313D4-42EA-4EED-AB89-5C9C70DDDB88}.Release|iPhone.ActiveCfg = Release|Any CPU
		{4FE313D4-42EA-4EED-AB89-5C9C70DDDB88}.Release|iPhone.Build.0 = Release|Any CPU
		{4FE313D4-42EA-4EED-AB89-5C9C70DDDB88}.Release|iPhone.Deploy.0 = Release|Any CPU
		{4FE313D4-42EA-4EED-AB89-5C9C70DDDB88}.Release|iPhoneSimulator.ActiveCfg = Release|Any CPU
		{4FE313D4-42EA-4EED-AB89-5C9C70DDDB88}.Release|iPhoneSimulator.Build.0 = Release|Any CPU
		{4FE313D4-42EA-4EED-AB89-5C9C70DDDB88}.Release|iPhoneSimulator.Deploy.0 = Release|Any CPU
		{31A53420-9BF7-40BF-A37B-F601B71169CD}.Debug|Any CPU.ActiveCfg = Debug|iPhone
		{31A53420-9BF7-40BF-A37B-F601B71169CD}.Debug|Any CPU.Build.0 = Debug|iPhone
		{31A53420-9BF7-40BF-A37B-F601B71169CD}.Debug|Any CPU.Deploy.0 = Debug|iPhone
		{31A53420-9BF7-40BF-A37B-F601B71169CD}.Debug|iPhone.ActiveCfg = Debug|iPhone
		{31A53420-9BF7-40BF-A37B-F601B71169CD}.Debug|iPhone.Build.0 = Debug|iPhone
		{31A53420-9BF7-40BF-A37B-F601B71169CD}.Debug|iPhone.Deploy.0 = Debug|iPhone
		{31A53420-9BF7-40BF-A37B-F601B71169CD}.Debug|iPhoneSimulator.ActiveCfg = Debug|iPhoneSimulator
		{31A53420-9BF7-40BF-A37B-F601B71169CD}.Debug|iPhoneSimulator.Build.0 = Debug|iPhoneSimulator
		{31A53420-9BF7-40BF-A37B-F601B71169CD}.Debug|iPhoneSimulator.Deploy.0 = Debug|iPhoneSimulator
		{31A53420-9BF7-40BF-A37B-F601B71169CD}.Release|Any CPU.ActiveCfg = Release|iPhone
		{31A53420-9BF7-40BF-A37B-F601B71169CD}.Release|Any CPU.Build.0 = Release|iPhone
		{31A53420-9BF7-40BF-A37B-F601B71169CD}.Release|Any CPU.Deploy.0 = Release|iPhone
		{31A53420-9BF7-40BF-A37B-F601B71169CD}.Release|iPhone.ActiveCfg = Release|iPhone
		{31A53420-9BF7-40BF-A37B-F601B71169CD}.Release|iPhone.Build.0 = Release|iPhone
		{31A53420-9BF7-40BF-A37B-F601B71169CD}.Release|iPhone.Deploy.0 = Release|iPhone
		{31A53420-9BF7-40BF-A37B-F601B71169CD}.Release|iPhoneSimulator.ActiveCfg = Release|iPhoneSimulator
		{31A53420-9BF7-40BF-A37B-F601B71169CD}.Release|iPhoneSimulator.Build.0 = Release|iPhoneSimulator
		{31A53420-9BF7-40BF-A37B-F601B71169CD}.Release|iPhoneSimulator.Deploy.0 = Release|iPhoneSimulator
		{22F75A59-8F83-40C1-8533-E43A7722475A}.Debug|Any CPU.ActiveCfg = Debug|Any CPU
		{22F75A59-8F83-40C1-8533-E43A7722475A}.Debug|Any CPU.Build.0 = Debug|Any CPU
		{22F75A59-8F83-40C1-8533-E43A7722475A}.Debug|Any CPU.Deploy.0 = Debug|Any CPU
		{22F75A59-8F83-40C1-8533-E43A7722475A}.Debug|iPhone.ActiveCfg = Debug|Any CPU
		{22F75A59-8F83-40C1-8533-E43A7722475A}.Debug|iPhone.Build.0 = Debug|Any CPU
		{22F75A59-8F83-40C1-8533-E43A7722475A}.Debug|iPhone.Deploy.0 = Debug|Any CPU
		{22F75A59-8F83-40C1-8533-E43A7722475A}.Debug|iPhoneSimulator.ActiveCfg = Debug|Any CPU
		{22F75A59-8F83-40C1-8533-E43A7722475A}.Debug|iPhoneSimulator.Build.0 = Debug|Any CPU
		{22F75A59-8F83-40C1-8533-E43A7722475A}.Debug|iPhoneSimulator.Deploy.0 = Debug|Any CPU
		{22F75A59-8F83-40C1-8533-E43A7722475A}.Release|Any CPU.ActiveCfg = Release|Any CPU
		{22F75A59-8F83-40C1-8533-E43A7722475A}.Release|Any CPU.Build.0 = Release|Any CPU
		{22F75A59-8F83-40C1-8533-E43A7722475A}.Release|Any CPU.Deploy.0 = Release|Any CPU
		{22F75A59-8F83-40C1-8533-E43A7722475A}.Release|iPhone.ActiveCfg = Release|Any CPU
		{22F75A59-8F83-40C1-8533-E43A7722475A}.Release|iPhone.Build.0 = Release|Any CPU
		{22F75A59-8F83-40C1-8533-E43A7722475A}.Release|iPhone.Deploy.0 = Release|Any CPU
		{22F75A59-8F83-40C1-8533-E43A7722475A}.Release|iPhoneSimulator.ActiveCfg = Release|Any CPU
		{22F75A59-8F83-40C1-8533-E43A7722475A}.Release|iPhoneSimulator.Build.0 = Release|Any CPU
		{22F75A59-8F83-40C1-8533-E43A7722475A}.Release|iPhoneSimulator.Deploy.0 = Release|Any CPU
	EndGlobalSection
	GlobalSection(SolutionProperties) = preSolution
		HideSolutionNode = FALSE
	EndGlobalSection
	GlobalSection(ExtensibilityGlobals) = postSolution
		SolutionGuid = {5E362FC9-F560-44CA-9CDF-58C06400021D}
	EndGlobalSection
EndGlobal
